// !$*UTF8*$!
{
	archiveVersion = 1;
	classes = {
	};
	objectVersion = 46;
	objects = {

/* Begin PBXBuildFile section */
		1B8B318C1C3D6B02005336D3 /* Foundation.framework in Frameworks */ = {isa = PBXBuildFile; fileRef = 1B8B318B1C3D6B02005336D3 /* Foundation.framework */; };
		1B8B318E1C3D6B02005336D3 /* CoreGraphics.framework in Frameworks */ = {isa = PBXBuildFile; fileRef = 1B8B318D1C3D6B02005336D3 /* CoreGraphics.framework */; };
		1B8B31901C3D6B02005336D3 /* UIKit.framework in Frameworks */ = {isa = PBXBuildFile; fileRef = 1B8B318F1C3D6B02005336D3 /* UIKit.framework */; };
		1B8B31961C3D6B02005336D3 /* InfoPlist.strings in Resources */ = {isa = PBXBuildFile; fileRef = 1B8B31941C3D6B02005336D3 /* InfoPlist.strings */; };
		1B8B31981C3D6B02005336D3 /* main.m in Sources */ = {isa = PBXBuildFile; fileRef = 1B8B31971C3D6B02005336D3 /* main.m */; };
		1B8B319C1C3D6B02005336D3 /* FKAppDelegate.m in Sources */ = {isa = PBXBuildFile; fileRef = 1B8B319B1C3D6B02005336D3 /* FKAppDelegate.m */; };
		1B8B319F1C3D6B02005336D3 /* Main.storyboard in Resources */ = {isa = PBXBuildFile; fileRef = 1B8B319D1C3D6B02005336D3 /* Main.storyboard */; };
		1B8B31A21C3D6B02005336D3 /* FKViewController.m in Sources */ = {isa = PBXBuildFile; fileRef = 1B8B31A11C3D6B02005336D3 /* FKViewController.m */; };
		1B8B31A41C3D6B02005336D3 /* Images.xcassets in Resources */ = {isa = PBXBuildFile; fileRef = 1B8B31A31C3D6B02005336D3 /* Images.xcassets */; };
		1B8B31AB1C3D6B02005336D3 /* XCTest.framework in Frameworks */ = {isa = PBXBuildFile; fileRef = 1B8B31AA1C3D6B02005336D3 /* XCTest.framework */; };
		1B8B31AC1C3D6B02005336D3 /* Foundation.framework in Frameworks */ = {isa = PBXBuildFile; fileRef = 1B8B318B1C3D6B02005336D3 /* Foundation.framework */; };
		1B8B31AD1C3D6B02005336D3 /* UIKit.framework in Frameworks */ = {isa = PBXBuildFile; fileRef = 1B8B318F1C3D6B02005336D3 /* UIKit.framework */; };
		1B8B31B51C3D6B02005336D3 /* InfoPlist.strings in Resources */ = {isa = PBXBuildFile; fileRef = 1B8B31B31C3D6B02005336D3 /* InfoPlist.strings */; };
		1B8B31B71C3D6B02005336D3 /* DBTimeTests.m in Sources */ = {isa = PBXBuildFile; fileRef = 1B8B31B61C3D6B02005336D3 /* DBTimeTests.m */; };
		1B8B31E21C3D6B1F005336D3 /* MJDictionaryCache.m in Sources */ = {isa = PBXBuildFile; fileRef = 1B8B31C91C3D6B1F005336D3 /* MJDictionaryCache.m */; };
		1B8B31E31C3D6B1F005336D3 /* MJExtensionConst.m in Sources */ = {isa = PBXBuildFile; fileRef = 1B8B31CC1C3D6B1F005336D3 /* MJExtensionConst.m */; };
		1B8B31E41C3D6B1F005336D3 /* MJFoundation.m in Sources */ = {isa = PBXBuildFile; fileRef = 1B8B31CE1C3D6B1F005336D3 /* MJFoundation.m */; };
		1B8B31E51C3D6B1F005336D3 /* MJProperty.m in Sources */ = {isa = PBXBuildFile; fileRef = 1B8B31D01C3D6B1F005336D3 /* MJProperty.m */; };
		1B8B31E61C3D6B1F005336D3 /* MJPropertyKey.m in Sources */ = {isa = PBXBuildFile; fileRef = 1B8B31D21C3D6B1F005336D3 /* MJPropertyKey.m */; };
		1B8B31E71C3D6B1F005336D3 /* MJPropertyType.m in Sources */ = {isa = PBXBuildFile; fileRef = 1B8B31D41C3D6B1F005336D3 /* MJPropertyType.m */; };
		1B8B31E81C3D6B1F005336D3 /* NSObject+MJClass.m in Sources */ = {isa = PBXBuildFile; fileRef = 1B8B31D61C3D6B1F005336D3 /* NSObject+MJClass.m */; };
		1B8B31E91C3D6B1F005336D3 /* NSObject+MJCoding.m in Sources */ = {isa = PBXBuildFile; fileRef = 1B8B31D81C3D6B1F005336D3 /* NSObject+MJCoding.m */; };
		1B8B31EA1C3D6B1F005336D3 /* NSObject+MJKeyValue.m in Sources */ = {isa = PBXBuildFile; fileRef = 1B8B31DA1C3D6B1F005336D3 /* NSObject+MJKeyValue.m */; };
		1B8B31EB1C3D6B1F005336D3 /* NSObject+MJProperty.m in Sources */ = {isa = PBXBuildFile; fileRef = 1B8B31DC1C3D6B1F005336D3 /* NSObject+MJProperty.m */; };
		1B8B31EC1C3D6B1F005336D3 /* NSString+MJExtension.m in Sources */ = {isa = PBXBuildFile; fileRef = 1B8B31DE1C3D6B1F005336D3 /* NSString+MJExtension.m */; };
		1B8B31F41C3D6B4D005336D3 /* FKShowBody.m in Sources */ = {isa = PBXBuildFile; fileRef = 1B8B31EF1C3D6B4D005336D3 /* FKShowBody.m */; };
		1B8B31F51C3D6B4D005336D3 /* FKShowContent.m in Sources */ = {isa = PBXBuildFile; fileRef = 1B8B31F11C3D6B4D005336D3 /* FKShowContent.m */; };
		1B8B31F61C3D6B4D005336D3 /* FKShowResult.m in Sources */ = {isa = PBXBuildFile; fileRef = 1B8B31F31C3D6B4D005336D3 /* FKShowResult.m */; };
/* End PBXBuildFile section */

/* Begin PBXContainerItemProxy section */
		1B8B31AE1C3D6B02005336D3 /* PBXContainerItemProxy */ = {
			isa = PBXContainerItemProxy;
			containerPortal = 1B8B31801C3D6B02005336D3 /* Project object */;
			proxyType = 1;
			remoteGlobalIDString = 1B8B31871C3D6B02005336D3;
			remoteInfo = DBTime;
		};
/* End PBXContainerItemProxy section */

/* Begin PBXFileReference section */
		1B8B31881C3D6B02005336D3 /* DBTime.app */ = {isa = PBXFileReference; explicitFileType = wrapper.application; includeInIndex = 0; path = DBTime.app; sourceTree = BUILT_PRODUCTS_DIR; };
		1B8B318B1C3D6B02005336D3 /* Foundation.framework */ = {isa = PBXFileReference; lastKnownFileType = wrapper.framework; name = Foundation.framework; path = System/Library/Frameworks/Foundation.framework; sourceTree = SDKROOT; };
		1B8B318D1C3D6B02005336D3 /* CoreGraphics.framework */ = {isa = PBXFileReference; lastKnownFileType = wrapper.framework; name = CoreGraphics.framework; path = System/Library/Frameworks/CoreGraphics.framework; sourceTree = SDKROOT; };
		1B8B318F1C3D6B02005336D3 /* UIKit.framework */ = {isa = PBXFileReference; lastKnownFileType = wrapper.framework; name = UIKit.framework; path = System/Library/Frameworks/UIKit.framework; sourceTree = SDKROOT; };
		1B8B31931C3D6B02005336D3 /* DBTime-Info.plist */ = {isa = PBXFileReference; lastKnownFileType = text.plist.xml; path = "DBTime-Info.plist"; sourceTree = "<group>"; };
		1B8B31951C3D6B02005336D3 /* en */ = {isa = PBXFileReference; lastKnownFileType = text.plist.strings; name = en; path = en.lproj/InfoPlist.strings; sourceTree = "<group>"; };
		1B8B31971C3D6B02005336D3 /* main.m */ = {isa = PBXFileReference; lastKnownFileType = sourcecode.c.objc; path = main.m; sourceTree = "<group>"; };
		1B8B31991C3D6B02005336D3 /* DBTime-Prefix.pch */ = {isa = PBXFileReference; lastKnownFileType = sourcecode.c.h; path = "DBTime-Prefix.pch"; sourceTree = "<group>"; };
		1B8B319A1C3D6B02005336D3 /* FKAppDelegate.h */ = {isa = PBXFileReference; lastKnownFileType = sourcecode.c.h; path = FKAppDelegate.h; sourceTree = "<group>"; };
		1B8B319B1C3D6B02005336D3 /* FKAppDelegate.m */ = {isa = PBXFileReference; lastKnownFileType = sourcecode.c.objc; path = FKAppDelegate.m; sourceTree = "<group>"; };
		1B8B319E1C3D6B02005336D3 /* Base */ = {isa = PBXFileReference; lastKnownFileType = file.storyboard; name = Base; path = Base.lproj/Main.storyboard; sourceTree = "<group>"; };
		1B8B31A01C3D6B02005336D3 /* FKViewController.h */ = {isa = PBXFileReference; lastKnownFileType = sourcecode.c.h; path = FKViewController.h; sourceTree = "<group>"; };
		1B8B31A11C3D6B02005336D3 /* FKViewController.m */ = {isa = PBXFileReference; lastKnownFileType = sourcecode.c.objc; path = FKViewController.m; sourceTree = "<group>"; };
		1B8B31A31C3D6B02005336D3 /* Images.xcassets */ = {isa = PBXFileReference; lastKnownFileType = folder.assetcatalog; path = Images.xcassets; sourceTree = "<group>"; };
		1B8B31A91C3D6B02005336D3 /* DBTimeTests.xctest */ = {isa = PBXFileReference; explicitFileType = wrapper.cfbundle; includeInIndex = 0; path = DBTimeTests.xctest; sourceTree = BUILT_PRODUCTS_DIR; };
		1B8B31AA1C3D6B02005336D3 /* XCTest.framework */ = {isa = PBXFileReference; lastKnownFileType = wrapper.framework; name = XCTest.framework; path = Library/Frameworks/XCTest.framework; sourceTree = DEVELOPER_DIR; };
		1B8B31B21C3D6B02005336D3 /* DBTimeTests-Info.plist */ = {isa = PBXFileReference; lastKnownFileType = text.plist.xml; path = "DBTimeTests-Info.plist"; sourceTree = "<group>"; };
		1B8B31B41C3D6B02005336D3 /* en */ = {isa = PBXFileReference; lastKnownFileType = text.plist.strings; name = en; path = en.lproj/InfoPlist.strings; sourceTree = "<group>"; };
		1B8B31B61C3D6B02005336D3 /* DBTimeTests.m */ = {isa = PBXFileReference; lastKnownFileType = sourcecode.c.objc; path = DBTimeTests.m; sourceTree = "<group>"; };
		1B8B31C81C3D6B1F005336D3 /* MJDictionaryCache.h */ = {isa = PBXFileReference; fileEncoding = 4; lastKnownFileType = sourcecode.c.h; path = MJDictionaryCache.h; sourceTree = "<group>"; };
		1B8B31C91C3D6B1F005336D3 /* MJDictionaryCache.m */ = {isa = PBXFileReference; fileEncoding = 4; lastKnownFileType = sourcecode.c.objc; path = MJDictionaryCache.m; sourceTree = "<group>"; };
		1B8B31CA1C3D6B1F005336D3 /* MJExtension.h */ = {isa = PBXFileReference; fileEncoding = 4; lastKnownFileType = sourcecode.c.h; path = MJExtension.h; sourceTree = "<group>"; };
		1B8B31CB1C3D6B1F005336D3 /* MJExtensionConst.h */ = {isa = PBXFileReference; fileEncoding = 4; lastKnownFileType = sourcecode.c.h; path = MJExtensionConst.h; sourceTree = "<group>"; };
		1B8B31CC1C3D6B1F005336D3 /* MJExtensionConst.m */ = {isa = PBXFileReference; fileEncoding = 4; lastKnownFileType = sourcecode.c.objc; path = MJExtensionConst.m; sourceTree = "<group>"; };
		1B8B31CD1C3D6B1F005336D3 /* MJFoundation.h */ = {isa = PBXFileReference; fileEncoding = 4; lastKnownFileType = sourcecode.c.h; path = MJFoundation.h; sourceTree = "<group>"; };
		1B8B31CE1C3D6B1F005336D3 /* MJFoundation.m */ = {isa = PBXFileReference; fileEncoding = 4; lastKnownFileType = sourcecode.c.objc; path = MJFoundation.m; sourceTree = "<group>"; };
		1B8B31CF1C3D6B1F005336D3 /* MJProperty.h */ = {isa = PBXFileReference; fileEncoding = 4; lastKnownFileType = sourcecode.c.h; path = MJProperty.h; sourceTree = "<group>"; };
		1B8B31D01C3D6B1F005336D3 /* MJProperty.m */ = {isa = PBXFileReference; fileEncoding = 4; lastKnownFileType = sourcecode.c.objc; path = MJProperty.m; sourceTree = "<group>"; };
		1B8B31D11C3D6B1F005336D3 /* MJPropertyKey.h */ = {isa = PBXFileReference; fileEncoding = 4; lastKnownFileType = sourcecode.c.h; path = MJPropertyKey.h; sourceTree = "<group>"; };
		1B8B31D21C3D6B1F005336D3 /* MJPropertyKey.m */ = {isa = PBXFileReference; fileEncoding = 4; lastKnownFileType = sourcecode.c.objc; path = MJPropertyKey.m; sourceTree = "<group>"; };
		1B8B31D31C3D6B1F005336D3 /* MJPropertyType.h */ = {isa = PBXFileReference; fileEncoding = 4; lastKnownFileType = sourcecode.c.h; path = MJPropertyType.h; sourceTree = "<group>"; };
		1B8B31D41C3D6B1F005336D3 /* MJPropertyType.m */ = {isa = PBXFileReference; fileEncoding = 4; lastKnownFileType = sourcecode.c.objc; path = MJPropertyType.m; sourceTree = "<group>"; };
		1B8B31D51C3D6B1F005336D3 /* NSObject+MJClass.h */ = {isa = PBXFileReference; fileEncoding = 4; lastKnownFileType = sourcecode.c.h; path = "NSObject+MJClass.h"; sourceTree = "<group>"; };
		1B8B31D61C3D6B1F005336D3 /* NSObject+MJClass.m */ = {isa = PBXFileReference; fileEncoding = 4; lastKnownFileType = sourcecode.c.objc; path = "NSObject+MJClass.m"; sourceTree = "<group>"; };
		1B8B31D71C3D6B1F005336D3 /* NSObject+MJCoding.h */ = {isa = PBXFileReference; fileEncoding = 4; lastKnownFileType = sourcecode.c.h; path = "NSObject+MJCoding.h"; sourceTree = "<group>"; };
		1B8B31D81C3D6B1F005336D3 /* NSObject+MJCoding.m */ = {isa = PBXFileReference; fileEncoding = 4; lastKnownFileType = sourcecode.c.objc; path = "NSObject+MJCoding.m"; sourceTree = "<group>"; };
		1B8B31D91C3D6B1F005336D3 /* NSObject+MJKeyValue.h */ = {isa = PBXFileReference; fileEncoding = 4; lastKnownFileType = sourcecode.c.h; path = "NSObject+MJKeyValue.h"; sourceTree = "<group>"; };
		1B8B31DA1C3D6B1F005336D3 /* NSObject+MJKeyValue.m */ = {isa = PBXFileReference; fileEncoding = 4; lastKnownFileType = sourcecode.c.objc; path = "NSObject+MJKeyValue.m"; sourceTree = "<group>"; };
		1B8B31DB1C3D6B1F005336D3 /* NSObject+MJProperty.h */ = {isa = PBXFileReference; fileEncoding = 4; lastKnownFileType = sourcecode.c.h; path = "NSObject+MJProperty.h"; sourceTree = "<group>"; };
		1B8B31DC1C3D6B1F005336D3 /* NSObject+MJProperty.m */ = {isa = PBXFileReference; fileEncoding = 4; lastKnownFileType = sourcecode.c.objc; path = "NSObject+MJProperty.m"; sourceTree = "<group>"; };
		1B8B31DD1C3D6B1F005336D3 /* NSString+MJExtension.h */ = {isa = PBXFileReference; fileEncoding = 4; lastKnownFileType = sourcecode.c.h; path = "NSString+MJExtension.h"; sourceTree = "<group>"; };
		1B8B31DE1C3D6B1F005336D3 /* NSString+MJExtension.m */ = {isa = PBXFileReference; fileEncoding = 4; lastKnownFileType = sourcecode.c.objc; path = "NSString+MJExtension.m"; sourceTree = "<group>"; };
		1B8B31EE1C3D6B4D005336D3 /* FKShowBody.h */ = {isa = PBXFileReference; fileEncoding = 4; lastKnownFileType = sourcecode.c.h; path = FKShowBody.h; sourceTree = "<group>"; };
		1B8B31EF1C3D6B4D005336D3 /* FKShowBody.m */ = {isa = PBXFileReference; fileEncoding = 4; lastKnownFileType = sourcecode.c.objc; path = FKShowBody.m; sourceTree = "<group>"; };
		1B8B31F01C3D6B4D005336D3 /* FKShowContent.h */ = {isa = PBXFileReference; fileEncoding = 4; lastKnownFileType = sourcecode.c.h; path = FKShowContent.h; sourceTree = "<group>"; };
		1B8B31F11C3D6B4D005336D3 /* FKShowContent.m */ = {isa = PBXFileReference; fileEncoding = 4; lastKnownFileType = sourcecode.c.objc; path = FKShowContent.m; sourceTree = "<group>"; };
		1B8B31F21C3D6B4D005336D3 /* FKShowResult.h */ = {isa = PBXFileReference; fileEncoding = 4; lastKnownFileType = sourcecode.c.h; path = FKShowResult.h; sourceTree = "<group>"; };
		1B8B31F31C3D6B4D005336D3 /* FKShowResult.m */ = {isa = PBXFileReference; fileEncoding = 4; lastKnownFileType = sourcecode.c.objc; path = FKShowResult.m; sourceTree = "<group>"; };
/* End PBXFileReference section */

/* Begin PBXFrameworksBuildPhase section */
		1B8B31851C3D6B02005336D3 /* Frameworks */ = {
			isa = PBXFrameworksBuildPhase;
			buildActionMask = 2147483647;
			files = (
				1B8B318E1C3D6B02005336D3 /* CoreGraphics.framework in Frameworks */,
				1B8B31901C3D6B02005336D3 /* UIKit.framework in Frameworks */,
				1B8B318C1C3D6B02005336D3 /* Foundation.framework in Frameworks */,
			);
			runOnlyForDeploymentPostprocessing = 0;
		};
		1B8B31A61C3D6B02005336D3 /* Frameworks */ = {
			isa = PBXFrameworksBuildPhase;
			buildActionMask = 2147483647;
			files = (
				1B8B31AB1C3D6B02005336D3 /* XCTest.framework in Frameworks */,
				1B8B31AD1C3D6B02005336D3 /* UIKit.framework in Frameworks */,
				1B8B31AC1C3D6B02005336D3 /* Foundation.framework in Frameworks */,
			);
			runOnlyForDeploymentPostprocessing = 0;
		};
/* End PBXFrameworksBuildPhase section */

/* Begin PBXGroup section */
		1B8B317F1C3D6B02005336D3 = {
			isa = PBXGroup;
			children = (
				1B8B31911C3D6B02005336D3 /* DBTime */,
				1B8B31B01C3D6B02005336D3 /* DBTimeTests */,
				1B8B318A1C3D6B02005336D3 /* Frameworks */,
				1B8B31891C3D6B02005336D3 /* Products */,
			);
			sourceTree = "<group>";
		};
		1B8B31891C3D6B02005336D3 /* Products */ = {
			isa = PBXGroup;
			children = (
				1B8B31881C3D6B02005336D3 /* DBTime.app */,
				1B8B31A91C3D6B02005336D3 /* DBTimeTests.xctest */,
			);
			name = Products;
			sourceTree = "<group>";
		};
		1B8B318A1C3D6B02005336D3 /* Frameworks */ = {
			isa = PBXGroup;
			children = (
				1B8B318B1C3D6B02005336D3 /* Foundation.framework */,
				1B8B318D1C3D6B02005336D3 /* CoreGraphics.framework */,
				1B8B318F1C3D6B02005336D3 /* UIKit.framework */,
				1B8B31AA1C3D6B02005336D3 /* XCTest.framework */,
			);
			name = Frameworks;
			sourceTree = "<group>";
		};
		1B8B31911C3D6B02005336D3 /* DBTime */ = {
			isa = PBXGroup;
			children = (
				1B8B31C01C3D6B1F005336D3 /* Classes */,
				1B8B319A1C3D6B02005336D3 /* FKAppDelegate.h */,
				1B8B319B1C3D6B02005336D3 /* FKAppDelegate.m */,
				1B8B319D1C3D6B02005336D3 /* Main.storyboard */,
				1B8B31A01C3D6B02005336D3 /* FKViewController.h */,
				1B8B31A11C3D6B02005336D3 /* FKViewController.m */,
				1B8B31A31C3D6B02005336D3 /* Images.xcassets */,
				1B8B31921C3D6B02005336D3 /* Supporting Files */,
			);
			path = DBTime;
			sourceTree = "<group>";
		};
		1B8B31921C3D6B02005336D3 /* Supporting Files */ = {
			isa = PBXGroup;
			children = (
				1B8B31931C3D6B02005336D3 /* DBTime-Info.plist */,
				1B8B31941C3D6B02005336D3 /* InfoPlist.strings */,
				1B8B31971C3D6B02005336D3 /* main.m */,
				1B8B31991C3D6B02005336D3 /* DBTime-Prefix.pch */,
			);
			name = "Supporting Files";
			sourceTree = "<group>";
		};
		1B8B31B01C3D6B02005336D3 /* DBTimeTests */ = {
			isa = PBXGroup;
			children = (
				1B8B31B61C3D6B02005336D3 /* DBTimeTests.m */,
				1B8B31B11C3D6B02005336D3 /* Supporting Files */,
			);
			path = DBTimeTests;
			sourceTree = "<group>";
		};
		1B8B31B11C3D6B02005336D3 /* Supporting Files */ = {
			isa = PBXGroup;
			children = (
				1B8B31B21C3D6B02005336D3 /* DBTimeTests-Info.plist */,
				1B8B31B31C3D6B02005336D3 /* InfoPlist.strings */,
			);
			name = "Supporting Files";
			sourceTree = "<group>";
		};
		1B8B31C01C3D6B1F005336D3 /* Classes */ = {
			isa = PBXGroup;
			children = (
				1B8B31ED1C3D6B32005336D3 /* Models */,
				1B8B31C71C3D6B1F005336D3 /* MJExtension */,
			);
			path = Classes;
			sourceTree = "<group>";
		};
		1B8B31C71C3D6B1F005336D3 /* MJExtension */ = {
			isa = PBXGroup;
			children = (
				1B8B31C81C3D6B1F005336D3 /* MJDictionaryCache.h */,
				1B8B31C91C3D6B1F005336D3 /* MJDictionaryCache.m */,
				1B8B31CA1C3D6B1F005336D3 /* MJExtension.h */,
				1B8B31CB1C3D6B1F005336D3 /* MJExtensionConst.h */,
				1B8B31CC1C3D6B1F005336D3 /* MJExtensionConst.m */,
				1B8B31CD1C3D6B1F005336D3 /* MJFoundation.h */,
				1B8B31CE1C3D6B1F005336D3 /* MJFoundation.m */,
				1B8B31CF1C3D6B1F005336D3 /* MJProperty.h */,
				1B8B31D01C3D6B1F005336D3 /* MJProperty.m */,
				1B8B31D11C3D6B1F005336D3 /* MJPropertyKey.h */,
				1B8B31D21C3D6B1F005336D3 /* MJPropertyKey.m */,
				1B8B31D31C3D6B1F005336D3 /* MJPropertyType.h */,
				1B8B31D41C3D6B1F005336D3 /* MJPropertyType.m */,
				1B8B31D51C3D6B1F005336D3 /* NSObject+MJClass.h */,
				1B8B31D61C3D6B1F005336D3 /* NSObject+MJClass.m */,
				1B8B31D71C3D6B1F005336D3 /* NSObject+MJCoding.h */,
				1B8B31D81C3D6B1F005336D3 /* NSObject+MJCoding.m */,
				1B8B31D91C3D6B1F005336D3 /* NSObject+MJKeyValue.h */,
				1B8B31DA1C3D6B1F005336D3 /* NSObject+MJKeyValue.m */,
				1B8B31DB1C3D6B1F005336D3 /* NSObject+MJProperty.h */,
				1B8B31DC1C3D6B1F005336D3 /* NSObject+MJProperty.m */,
				1B8B31DD1C3D6B1F005336D3 /* NSString+MJExtension.h */,
				1B8B31DE1C3D6B1F005336D3 /* NSString+MJExtension.m */,
			);
			path = MJExtension;
			sourceTree = "<group>";
		};
		1B8B31ED1C3D6B32005336D3 /* Models */ = {
			isa = PBXGroup;
			children = (
				1B8B31EE1C3D6B4D005336D3 /* FKShowBody.h */,
				1B8B31EF1C3D6B4D005336D3 /* FKShowBody.m */,
				1B8B31F01C3D6B4D005336D3 /* FKShowContent.h */,
				1B8B31F11C3D6B4D005336D3 /* FKShowContent.m */,
				1B8B31F21C3D6B4D005336D3 /* FKShowResult.h */,
				1B8B31F31C3D6B4D005336D3 /* FKShowResult.m */,
			);
			path = Models;
			sourceTree = "<group>";
		};
/* End PBXGroup section */

/* Begin PBXNativeTarget section */
		1B8B31871C3D6B02005336D3 /* DBTime */ = {
			isa = PBXNativeTarget;
			buildConfigurationList = 1B8B31BA1C3D6B02005336D3 /* Build configuration list for PBXNativeTarget "DBTime" */;
			buildPhases = (
				1B8B31841C3D6B02005336D3 /* Sources */,
				1B8B31851C3D6B02005336D3 /* Frameworks */,
				1B8B31861C3D6B02005336D3 /* Resources */,
			);
			buildRules = (
			);
			dependencies = (
			);
			name = DBTime;
			productName = DBTime;
			productReference = 1B8B31881C3D6B02005336D3 /* DBTime.app */;
			productType = "com.apple.product-type.application";
		};
		1B8B31A81C3D6B02005336D3 /* DBTimeTests */ = {
			isa = PBXNativeTarget;
			buildConfigurationList = 1B8B31BD1C3D6B02005336D3 /* Build configuration list for PBXNativeTarget "DBTimeTests" */;
			buildPhases = (
				1B8B31A51C3D6B02005336D3 /* Sources */,
				1B8B31A61C3D6B02005336D3 /* Frameworks */,
				1B8B31A71C3D6B02005336D3 /* Resources */,
			);
			buildRules = (
			);
			dependencies = (
				1B8B31AF1C3D6B02005336D3 /* PBXTargetDependency */,
			);
			name = DBTimeTests;
			productName = DBTimeTests;
			productReference = 1B8B31A91C3D6B02005336D3 /* DBTimeTests.xctest */;
			productType = "com.apple.product-type.bundle.unit-test";
		};
/* End PBXNativeTarget section */

/* Begin PBXProject section */
		1B8B31801C3D6B02005336D3 /* Project object */ = {
			isa = PBXProject;
			attributes = {
				CLASSPREFIX = FK;
				LastUpgradeCheck = 0510;
				ORGANIZATIONNAME = com.zmosa;
				TargetAttributes = {
					1B8B31A81C3D6B02005336D3 = {
						TestTargetID = 1B8B31871C3D6B02005336D3;
					};
				};
			};
			buildConfigurationList = 1B8B31831C3D6B02005336D3 /* Build configuration list for PBXProject "DBTime" */;
			compatibilityVersion = "Xcode 3.2";
			developmentRegion = English;
			hasScannedForEncodings = 0;
			knownRegions = (
				en,
				Base,
			);
			mainGroup = 1B8B317F1C3D6B02005336D3;
			productRefGroup = 1B8B31891C3D6B02005336D3 /* Products */;
			projectDirPath = "";
			projectRoot = "";
			targets = (
				1B8B31871C3D6B02005336D3 /* DBTime */,
				1B8B31A81C3D6B02005336D3 /* DBTimeTests */,
			);
		};
/* End PBXProject section */

/* Begin PBXResourcesBuildPhase section */
		1B8B31861C3D6B02005336D3 /* Resources */ = {
			isa = PBXResourcesBuildPhase;
			buildActionMask = 2147483647;
			files = (
				1B8B31A41C3D6B02005336D3 /* Images.xcassets in Resources */,
				1B8B31961C3D6B02005336D3 /* InfoPlist.strings in Resources */,
				1B8B319F1C3D6B02005336D3 /* Main.storyboard in Resources */,
			);
			runOnlyForDeploymentPostprocessing = 0;
		};
		1B8B31A71C3D6B02005336D3 /* Resources */ = {
			isa = PBXResourcesBuildPhase;
			buildActionMask = 2147483647;
			files = (
				1B8B31B51C3D6B02005336D3 /* InfoPlist.strings in Resources */,
			);
			runOnlyForDeploymentPostprocessing = 0;
		};
/* End PBXResourcesBuildPhase section */

/* Begin PBXSourcesBuildPhase section */
		1B8B31841C3D6B02005336D3 /* Sources */ = {
			isa = PBXSourcesBuildPhase;
			buildActionMask = 2147483647;
			files = (
				1B8B31E91C3D6B1F005336D3 /* NSObject+MJCoding.m in Sources */,
				1B8B31E31C3D6B1F005336D3 /* MJExtensionConst.m in Sources */,
				1B8B31E81C3D6B1F005336D3 /* NSObject+MJClass.m in Sources */,
				1B8B31E61C3D6B1F005336D3 /* MJPropertyKey.m in Sources */,
				1B8B31981C3D6B02005336D3 /* main.m in Sources */,
				1B8B319C1C3D6B02005336D3 /* FKAppDelegate.m in Sources */,
				1B8B31F61C3D6B4D005336D3 /* FKShowResult.m in Sources */,
				1B8B31E51C3D6B1F005336D3 /* MJProperty.m in Sources */,
				1B8B31F51C3D6B4D005336D3 /* FKShowContent.m in Sources */,
				1B8B31E41C3D6B1F005336D3 /* MJFoundation.m in Sources */,
				1B8B31E21C3D6B1F005336D3 /* MJDictionaryCache.m in Sources */,
				1B8B31A21C3D6B02005336D3 /* FKViewController.m in Sources */,
				1B8B31E71C3D6B1F005336D3 /* MJPropertyType.m in Sources */,
				1B8B31EA1C3D6B1F005336D3 /* NSObject+MJKeyValue.m in Sources */,
				1B8B31EC1C3D6B1F005336D3 /* NSString+MJExtension.m in Sources */,
				1B8B31F41C3D6B4D005336D3 /* FKShowBody.m in Sources */,
				1B8B31EB1C3D6B1F005336D3 /* NSObject+MJProperty.m in Sources */,
			);
			runOnlyForDeploymentPostprocessing = 0;
		};
		1B8B31A51C3D6B02005336D3 /* Sources */ = {
			isa = PBXSourcesBuildPhase;
			buildActionMask = 2147483647;
			files = (
				1B8B31B71C3D6B02005336D3 /* DBTimeTests.m in Sources */,
			);
			runOnlyForDeploymentPostprocessing = 0;
		};
/* End PBXSourcesBuildPhase section */

/* Begin PBXTargetDependency section */
		1B8B31AF1C3D6B02005336D3 /* PBXTargetDependency */ = {
			isa = PBXTargetDependency;
			target = 1B8B31871C3D6B02005336D3 /* DBTime */;
			targetProxy = 1B8B31AE1C3D6B02005336D3 /* PBXContainerItemProxy */;
		};
/* End PBXTargetDependency section */

/* Begin PBXVariantGroup section */
		1B8B31941C3D6B02005336D3 /* InfoPlist.strings */ = {
			isa = PBXVariantGroup;
			children = (
				1B8B31951C3D6B02005336D3 /* en */,
			);
			name = InfoPlist.strings;
			sourceTree = "<group>";
		};
		1B8B319D1C3D6B02005336D3 /* Main.storyboard */ = {
			isa = PBXVariantGroup;
			children = (
				1B8B319E1C3D6B02005336D3 /* Base */,
			);
			name = Main.storyboard;
			sourceTree = "<group>";
		};
		1B8B31B31C3D6B02005336D3 /* InfoPlist.strings */ = {
			isa = PBXVariantGroup;
			children = (
				1B8B31B41C3D6B02005336D3 /* en */,
			);
			name = InfoPlist.strings;
			sourceTree = "<group>";
		};
/* End PBXVariantGroup section */

/* Begin XCBuildConfiguration section */
		1B8B31B81C3D6B02005336D3 /* Debug */ = {
			isa = XCBuildConfiguration;
			buildSettings = {
				ALWAYS_SEARCH_USER_PATHS = NO;
				CLANG_CXX_LANGUAGE_STANDARD = "gnu++0x";
				CLANG_CXX_LIBRARY = "libc++";
				CLANG_ENABLE_MODULES = YES;
				CLANG_ENABLE_OBJC_ARC = YES;
				CLANG_WARN_BOOL_CONVERSION = YES;
				CLANG_WARN_CONSTANT_CONVERSION = YES;
				CLANG_WARN_DIRECT_OBJC_ISA_USAGE = YES_ERROR;
				CLANG_WARN_EMPTY_BODY = YES;
				CLANG_WARN_ENUM_CONVERSION = YES;
				CLANG_WARN_INT_CONVERSION = YES;
				CLANG_WARN_OBJC_ROOT_CLASS = YES_ERROR;
				CLANG_WARN__DUPLICATE_METHOD_MATCH = YES;
				"CODE_SIGN_IDENTITY[sdk=iphoneos*]" = "iPhone Developer";
				COPY_PHASE_STRIP = NO;
				GCC_C_LANGUAGE_STANDARD = gnu99;
				GCC_DYNAMIC_NO_PIC = NO;
				GCC_OPTIMIZATION_LEVEL = 0;
				GCC_PREPROCESSOR_DEFINITIONS = (
					"DEBUG=1",
					"$(inherited)",
				);
				GCC_SYMBOLS_PRIVATE_EXTERN = NO;
				GCC_WARN_64_TO_32_BIT_CONVERSION = YES;
				GCC_WARN_ABOUT_RETURN_TYPE = YES_ERROR;
				GCC_WARN_UNDECLARED_SELECTOR = YES;
				GCC_WARN_UNINITIALIZED_AUTOS = YES_AGGRESSIVE;
				GCC_WARN_UNUSED_FUNCTION = YES;
				GCC_WARN_UNUSED_VARIABLE = YES;
				IPHONEOS_DEPLOYMENT_TARGET = 7.1;
				ONLY_ACTIVE_ARCH = YES;
				SDKROOT = iphoneos;
			};
			name = Debug;
		};
		1B8B31B91C3D6B02005336D3 /* Release */ = {
			isa = XCBuildConfiguration;
			buildSettings = {
				ALWAYS_SEARCH_USER_PATHS = NO;
				CLANG_CXX_LANGUAGE_STANDARD = "gnu++0x";
				CLANG_CXX_LIBRARY = "libc++";
				CLANG_ENABLE_MODULES = YES;
				CLANG_ENABLE_OBJC_ARC = YES;
				CLANG_WARN_BOOL_CONVERSION = YES;
				CLANG_WARN_CONSTANT_CONVERSION = YES;
				CLANG_WARN_DIRECT_OBJC_ISA_USAGE = YES_ERROR;
				CLANG_WARN_EMPTY_BODY = YES;
				CLANG_WARN_ENUM_CONVERSION = YES;
				CLANG_WARN_INT_CONVERSION = YES;
				CLANG_WARN_OBJC_ROOT_CLASS = YES_ERROR;
				CLANG_WARN__DUPLICATE_METHOD_MATCH = YES;
				"CODE_SIGN_IDENTITY[sdk=iphoneos*]" = "iPhone Developer";
				COPY_PHASE_STRIP = YES;
				ENABLE_NS_ASSERTIONS = NO;
				GCC_C_LANGUAGE_STANDARD = gnu99;
				GCC_WARN_64_TO_32_BIT_CONVERSION = YES;
				GCC_WARN_ABOUT_RETURN_TYPE = YES_ERROR;
				GCC_WARN_UNDECLARED_SELECTOR = YES;
				GCC_WARN_UNINITIALIZED_AUTOS = YES_AGGRESSIVE;
				GCC_WARN_UNUSED_FUNCTION = YES;
				GCC_WARN_UNUSED_VARIABLE = YES;
				IPHONEOS_DEPLOYMENT_TARGET = 7.1;
				SDKROOT = iphoneos;
				VALIDATE_PRODUCT = YES;
			};
			name = Release;
		};
		1B8B31BB1C3D6B02005336D3 /* Debug */ = {
			isa = XCBuildConfiguration;
			buildSettings = {
				ASSETCATALOG_COMPILER_APPICON_NAME = AppIcon;
				ASSETCATALOG_COMPILER_LAUNCHIMAGE_NAME = LaunchImage;
				GCC_PRECOMPILE_PREFIX_HEADER = YES;
				GCC_PREFIX_HEADER = "DBTime/DBTime-Prefix.pch";
				INFOPLIST_FILE = "DBTime/DBTime-Info.plist";
				PRODUCT_NAME = "$(TARGET_NAME)";
				WRAPPER_EXTENSION = app;
			};
			name = Debug;
		};
		1B8B31BC1C3D6B02005336D3 /* Release */ = {
			isa = XCBuildConfiguration;
			buildSettings = {
				ASSETCATALOG_COMPILER_APPICON_NAME = AppIcon;
				ASSETCATALOG_COMPILER_LAUNCHIMAGE_NAME = LaunchImage;
				GCC_PRECOMPILE_PREFIX_HEADER = YES;
				GCC_PREFIX_HEADER = "DBTime/DBTime-Prefix.pch";
				INFOPLIST_FILE = "DBTime/DBTime-Info.plist";
				PRODUCT_NAME = "$(TARGET_NAME)";
				WRAPPER_EXTENSION = app;
			};
			name = Release;
		};
		1B8B31BE1C3D6B02005336D3 /* Debug */ = {
			isa = XCBuildConfiguration;
			buildSettings = {
				BUNDLE_LOADER = "$(BUILT_PRODUCTS_DIR)/DBTime.app/DBTime";
				FRAMEWORK_SEARCH_PATHS = (
					"$(SDKROOT)/Developer/Library/Frameworks",
					"$(inherited)",
					"$(DEVELOPER_FRAMEWORKS_DIR)",
				);
				GCC_PRECOMPILE_PREFIX_HEADER = YES;
				GCC_PREFIX_HEADER = "DBTime/DBTime-Prefix.pch";
				GCC_PREPROCESSOR_DEFINITIONS = (
					"DEBUG=1",
					"$(inherited)",
				);
				INFOPLIST_FILE = "DBTimeTests/DBTimeTests-Info.plist";
				PRODUCT_NAME = "$(TARGET_NAME)";
				TEST_HOST = "$(BUNDLE_LOADER)";
				WRAPPER_EXTENSION = xctest;
			};
			name = Debug;
		};
		1B8B31BF1C3D6B02005336D3 /* Release */ = {
			isa = XCBuildConfiguration;
			buildSettings = {
				BUNDLE_LOADER = "$(BUILT_PRODUCTS_DIR)/DBTime.app/DBTime";
				FRAMEWORK_SEARCH_PATHS = (
					"$(SDKROOT)/Developer/Library/Frameworks",
					"$(inherited)",
					"$(DEVELOPER_FRAMEWORKS_DIR)",
				);
				GCC_PRECOMPILE_PREFIX_HEADER = YES;
				GCC_PREFIX_HEADER = "DBTime/DBTime-Prefix.pch";
				INFOPLIST_FILE = "DBTimeTests/DBTimeTests-Info.plist";
				PRODUCT_NAME = "$(TARGET_NAME)";
				TEST_HOST = "$(BUNDLE_LOADER)";
				WRAPPER_EXTENSION = xctest;
			};
			name = Release;
		};
/* End XCBuildConfiguration section */

/* Begin XCConfigurationList section */
		1B8B31831C3D6B02005336D3 /* Build configuration list for PBXProject "DBTime" */ = {
			isa = XCConfigurationList;
			buildConfigurations = (
				1B8B31B81C3D6B02005336D3 /* Debug */,
				1B8B31B91C3D6B02005336D3 /* Release */,
			);
			defaultConfigurationIsVisible = 0;
			defaultConfigurationName = Release;
		};
		1B8B31BA1C3D6B02005336D3 /* Build configuration list for PBXNativeTarget "DBTime" */ = {
			isa = XCConfigurationList;
			buildConfigurations = (
				1B8B31BB1C3D6B02005336D3 /* Debug */,
				1B8B31BC1C3D6B02005336D3 /* Release */,
			);
			defaultConfigurationIsVisible = 0;
		};
		1B8B31BD1C3D6B02005336D3 /* Build configuration list for PBXNativeTarget "DBTimeTests" */ = {
			isa = XCConfigurationList;
			buildConfigurations = (
				1B8B31BE1C3D6B02005336D3 /* Debug */,
				1B8B31BF1C3D6B02005336D3 /* Release */,
			);
			defaultConfigurationIsVisible = 0;
		};
/* End XCConfigurationList section */
	};
	rootObject = 1B8B31801C3D6B02005336D3 /* Project object */;
}
